<?xml version="1.0" encoding="utf-8"?>
<Project ToolsVersion="4.0" xmlns="http://schemas.microsoft.com/developer/msbuild/2003">
  <ItemGroup>
    <ClCompile Include="main.cpp" />
    <ClCompile Include="Citizen.cpp">
      <Filter>Citizen</Filter>
    </ClCompile>
    <ClCompile Include="GameStateManager.cpp">
      <Filter>GameState</Filter>
    </ClCompile>
    <ClCompile Include="IntroState.cpp">
      <Filter>GameState</Filter>
    </ClCompile>
    <ClCompile Include="PlayState.cpp">
      <Filter>GameState</Filter>
    </ClCompile>
    <ClCompile Include="ResultState.cpp">
      <Filter>GameState</Filter>
    </ClCompile>
    <ClCompile Include="SettingState.cpp">
      <Filter>GameState</Filter>
    </ClCompile>
    <ClCompile Include="Camera.cpp">
      <Filter>MISC\Camera</Filter>
    </ClCompile>
    <ClCompile Include="FreeType.cpp">
      <Filter>MISC\FreeType</Filter>
    </ClCompile>
    <ClCompile Include="LoadTGA.cpp">
      <Filter>MISC\LoadTGA</Filter>
    </ClCompile>
    <ClCompile Include="Tile.cpp">
      <Filter>Tile</Filter>
    </ClCompile>
    <ClCompile Include="Building.cpp">
      <Filter>Building</Filter>
    </ClCompile>
    <ClCompile Include="GameObject.cpp">
      <Filter>MiniGame</Filter>
    </ClCompile>
    <ClCompile Include="MiniGame.cpp">
      <Filter>MiniGame</Filter>
    </ClCompile>
  </ItemGroup>
  <ItemGroup>
    <ClInclude Include="Citizen.h">
      <Filter>Citizen</Filter>
    </ClInclude>
    <ClInclude Include="GameState.h">
      <Filter>GameState</Filter>
    </ClInclude>
    <ClInclude Include="GameStateManager.h">
      <Filter>GameState</Filter>
    </ClInclude>
    <ClInclude Include="IntroState.h">
      <Filter>GameState</Filter>
    </ClInclude>
    <ClInclude Include="PlayState.h">
      <Filter>GameState</Filter>
    </ClInclude>
    <ClInclude Include="ResultState.h">
      <Filter>GameState</Filter>
    </ClInclude>
    <ClInclude Include="SettingState.h">
      <Filter>GameState</Filter>
    </ClInclude>
    <ClInclude Include="vector3D.h">
      <Filter>MISC</Filter>
    </ClInclude>
    <ClInclude Include="TextureImage.h">
      <Filter>MISC</Filter>
    </ClInclude>
    <ClInclude Include="Camera.h">
      <Filter>MISC\Camera</Filter>
    </ClInclude>
    <ClInclude Include="FreeType.h">
      <Filter>MISC\FreeType</Filter>
    </ClInclude>
    <ClInclude Include="LoadTGA.h">
      <Filter>MISC\LoadTGA</Filter>
    </ClInclude>
    <ClInclude Include="Tile.h">
      <Filter>Tile</Filter>
    </ClInclude>
    <ClInclude Include="Building.h">
      <Filter>Building</Filter>
    </ClInclude>
    <ClInclude Include="GameObject.h">
      <Filter>MiniGame</Filter>
    </ClInclude>
    <ClInclude Include="MiniGame.h">
      <Filter>MiniGame</Filter>
    </ClInclude>
    <ClInclude Include="MyMath.h">
      <Filter>MiniGame</Filter>
    </ClInclude>
  </ItemGroup>
  <ItemGroup>
    <Filter Include="Citizen">
      <UniqueIdentifier>{1c1ab943-2ede-4d3e-af45-8deda7274bcd}</UniqueIdentifier>
    </Filter>
    <Filter Include="GameState">
      <UniqueIdentifier>{8230ef78-0748-4630-9d2e-55f031d71bfe}</UniqueIdentifier>
    </Filter>
    <Filter Include="MISC">
      <UniqueIdentifier>{282c7d58-5ba7-44e6-b79e-bfae8230bda4}</UniqueIdentifier>
    </Filter>
    <Filter Include="MISC\Camera">
      <UniqueIdentifier>{635c5f64-d393-4bba-b028-e11fae495bfd}</UniqueIdentifier>
    </Filter>
    <Filter Include="MISC\FreeType">
      <UniqueIdentifier>{66f212b6-40eb-4391-8a40-c8a494985b44}</UniqueIdentifier>
    </Filter>
    <Filter Include="MISC\LoadTGA">
      <UniqueIdentifier>{f6aeae6a-d35e-40df-bd29-f3ee23cb31e4}</UniqueIdentifier>
    </Filter>
    <Filter Include="Tile">
      <UniqueIdentifier>{e5178a0e-de66-4f18-855f-e61802b51c4f}</UniqueIdentifier>
    </Filter>
    <Filter Include="Building">
      <UniqueIdentifier>{89e28072-8692-4bf8-a80b-e531494a2f82}</UniqueIdentifier>
    </Filter>
    <Filter Include="MiniGame">
      <UniqueIdentifier>{783140f3-b920-4b29-97ff-83a64638922e}</UniqueIdentifier>
    </Filter>
  </ItemGroup>
</Project>