<?xml version="1.0" encoding="utf-8"?>
<Project ToolsVersion="4.0" xmlns="http://schemas.microsoft.com/developer/msbuild/2003">
  <ItemGroup>
    <ClCompile Include="main.cpp" />
    <ClCompile Include="IntroState.cpp">
      <Filter>GameState</Filter>
    </ClCompile>
    <ClCompile Include="GameStateManager.cpp">
      <Filter>GameState</Filter>
    </ClCompile>
    <ClCompile Include="ResultState.cpp">
      <Filter>GameState</Filter>
    </ClCompile>
    <ClCompile Include="SettingState.cpp">
      <Filter>GameState</Filter>
    </ClCompile>
    <ClCompile Include="PlayState.cpp">
      <Filter>GameState</Filter>
    </ClCompile>
    <ClCompile Include="Camera.cpp">
      <Filter>MISC\CAmera</Filter>
    </ClCompile>
    <ClCompile Include="Astar.cpp">
      <Filter>MISC\PathFinding</Filter>
    </ClCompile>
    <ClCompile Include="Node.cpp">
      <Filter>MISC\PathFinding</Filter>
    </ClCompile>
    <ClCompile Include="FreeType.cpp">
      <Filter>MISC\Fonts</Filter>
    </ClCompile>
    <ClCompile Include="LoadTGA.cpp">
      <Filter>MISC\Texture</Filter>
    </ClCompile>
    <ClCompile Include="GameObject.cpp">
      <Filter>MISC\Others</Filter>
    </ClCompile>
    <ClCompile Include="LuaFuncs.cpp">
      <Filter>MISC\Others</Filter>
    </ClCompile>
    <ClCompile Include="Resource.cpp">
      <Filter>MISC\Others</Filter>
    </ClCompile>
    <ClCompile Include="Tile.cpp">
      <Filter>Tiles</Filter>
    </ClCompile>
    <ClCompile Include="Building.cpp">
      <Filter>Tiles\Building</Filter>
    </ClCompile>
    <ClCompile Include="FoodCourt.cpp">
      <Filter>Tiles\Building</Filter>
    </ClCompile>
    <ClCompile Include="Generalstore.cpp">
      <Filter>Tiles\Building</Filter>
    </ClCompile>
    <ClCompile Include="House.cpp">
      <Filter>Tiles\Building</Filter>
    </ClCompile>
    <ClCompile Include="Citizen.cpp">
      <Filter>ManPower</Filter>
    </ClCompile>
    <ClCompile Include="Human.cpp">
      <Filter>ManPower</Filter>
    </ClCompile>
    <ClCompile Include="GaugeBar.cpp">
      <Filter>MISC</Filter>
    </ClCompile>
    <ClCompile Include="Choices.cpp">
      <Filter>Events</Filter>
    </ClCompile>
    <ClCompile Include="RandomEvent.cpp">
      <Filter>Events</Filter>
    </ClCompile>
    <ClCompile Include="MiniGame.cpp">
      <Filter>MiniGame</Filter>
    </ClCompile>
    <ClCompile Include="ButtonClass.cpp" />
    <ClCompile Include="Obstacle.cpp">
      <Filter>Tiles\Building</Filter>
    </ClCompile>
  </ItemGroup>
  <ItemGroup>
    <ClInclude Include="IntroState.h">
      <Filter>GameState</Filter>
    </ClInclude>
    <ClInclude Include="GameStateManager.h">
      <Filter>GameState</Filter>
    </ClInclude>
    <ClInclude Include="GameState.h">
      <Filter>GameState</Filter>
    </ClInclude>
    <ClInclude Include="ResultState.h">
      <Filter>GameState</Filter>
    </ClInclude>
    <ClInclude Include="SettingState.h">
      <Filter>GameState</Filter>
    </ClInclude>
    <ClInclude Include="PlayState.h">
      <Filter>GameState</Filter>
    </ClInclude>
    <ClInclude Include="Camera.h">
      <Filter>MISC\CAmera</Filter>
    </ClInclude>
    <ClInclude Include="Astar.h">
      <Filter>MISC\PathFinding</Filter>
    </ClInclude>
    <ClInclude Include="Node.h">
      <Filter>MISC\PathFinding</Filter>
    </ClInclude>
    <ClInclude Include="FreeType.h">
      <Filter>MISC\Fonts</Filter>
    </ClInclude>
    <ClInclude Include="LoadTGA.h">
      <Filter>MISC\Texture</Filter>
    </ClInclude>
    <ClInclude Include="Definitions.h">
      <Filter>MISC\Others</Filter>
    </ClInclude>
    <ClInclude Include="resource1.h">
      <Filter>MISC\Others</Filter>
    </ClInclude>
    <ClInclude Include="GameObject.h">
      <Filter>MISC\Others</Filter>
    </ClInclude>
    <ClInclude Include="LuaFuncs.h">
      <Filter>MISC\Others</Filter>
    </ClInclude>
    <ClInclude Include="MyMath.h">
      <Filter>MISC\Others</Filter>
    </ClInclude>
    <ClInclude Include="Resource.h">
      <Filter>MISC\Others</Filter>
    </ClInclude>
    <ClInclude Include="Tile.h">
      <Filter>Tiles</Filter>
    </ClInclude>
    <ClInclude Include="Building.h">
      <Filter>Tiles\Building</Filter>
    </ClInclude>
    <ClInclude Include="FoodCourt.h">
      <Filter>Tiles\Building</Filter>
    </ClInclude>
    <ClInclude Include="Generalstore.h">
      <Filter>Tiles\Building</Filter>
    </ClInclude>
    <ClInclude Include="House.h">
      <Filter>Tiles\Building</Filter>
    </ClInclude>
    <ClInclude Include="Citizen.h">
      <Filter>ManPower</Filter>
    </ClInclude>
    <ClInclude Include="Human.h">
      <Filter>ManPower</Filter>
    </ClInclude>
    <ClInclude Include="GaugeBar.h">
      <Filter>MISC</Filter>
    </ClInclude>
    <ClInclude Include="Choices.h">
      <Filter>Events</Filter>
    </ClInclude>
    <ClInclude Include="RandomEvent.h">
      <Filter>Events</Filter>
    </ClInclude>
    <ClInclude Include="MiniGame.h">
      <Filter>MiniGame</Filter>
    </ClInclude>
    <ClInclude Include="vector3D.h">
      <Filter>MISC</Filter>
    </ClInclude>
    <ClInclude Include="ButtonClass.h" />
    <ClInclude Include="Obstacle.h">
      <Filter>Tiles\Building</Filter>
    </ClInclude>
  </ItemGroup>
  <ItemGroup>
    <Filter Include="GameState">
      <UniqueIdentifier>{afe85bfe-7b22-4d14-922e-b558a8b6162f}</UniqueIdentifier>
    </Filter>
    <Filter Include="MISC">
      <UniqueIdentifier>{d7c40247-0f40-4542-8203-dcff035aaffa}</UniqueIdentifier>
    </Filter>
    <Filter Include="MISC\CAmera">
      <UniqueIdentifier>{6a6f26a3-f635-44c2-a96b-ad61b7e600d0}</UniqueIdentifier>
    </Filter>
    <Filter Include="MISC\PathFinding">
      <UniqueIdentifier>{d61c0a53-b166-46c6-a9f1-bfef7e42b25a}</UniqueIdentifier>
    </Filter>
    <Filter Include="MISC\Fonts">
      <UniqueIdentifier>{dcda377e-dc92-4ee5-b2e3-b0a3fe9895e3}</UniqueIdentifier>
    </Filter>
    <Filter Include="MISC\Texture">
      <UniqueIdentifier>{4156d824-7eeb-4855-9f0e-15e3a674f12b}</UniqueIdentifier>
    </Filter>
    <Filter Include="MISC\Others">
      <UniqueIdentifier>{d719ac79-0e6d-4226-a93b-10efb3cf2db8}</UniqueIdentifier>
    </Filter>
    <Filter Include="Tiles">
      <UniqueIdentifier>{d931d7e9-8ad9-42fb-add4-9075f80bd561}</UniqueIdentifier>
    </Filter>
    <Filter Include="ManPower">
      <UniqueIdentifier>{e10b1a5b-ca25-4e3d-b6f5-e81a61ac027b}</UniqueIdentifier>
    </Filter>
    <Filter Include="Events">
      <UniqueIdentifier>{c64d4929-53d0-4850-b444-fbcc7791f6a4}</UniqueIdentifier>
    </Filter>
    <Filter Include="MiniGame">
      <UniqueIdentifier>{00bc4e08-6a27-41a7-9189-0b02ff3e12ab}</UniqueIdentifier>
    </Filter>
    <Filter Include="Tiles\Building">
      <UniqueIdentifier>{8d7948b9-575b-4b98-8304-046253e6095b}</UniqueIdentifier>
    </Filter>
  </ItemGroup>
  <ItemGroup>
    <ResourceCompile Include="Project.rc">
      <Filter>MISC</Filter>
    </ResourceCompile>
  </ItemGroup>
</Project>