<?xml version="1.0" encoding="utf-8"?>
<Project ToolsVersion="4.0" xmlns="http://schemas.microsoft.com/developer/msbuild/2003">
  <ItemGroup>
    <ClCompile Include="Camera.cpp" />
    <ClCompile Include="FreeType.cpp" />
    <ClCompile Include="GameStateManager.cpp" />
    <ClCompile Include="IntroState.cpp" />
    <ClCompile Include="LoadTGA.cpp" />
    <ClCompile Include="main.cpp" />
    <ClCompile Include="PlayState.cpp" />
    <ClCompile Include="ResultState.cpp" />
    <ClCompile Include="SettingState.cpp" />
    <ClCompile Include="Tile.cpp" />
    <ClCompile Include="Citizen.cpp">
      <Filter>Citizen</Filter>
    </ClCompile>
  </ItemGroup>
  <ItemGroup>
    <ClInclude Include="Camera.h" />
    <ClInclude Include="FreeType.h" />
    <ClInclude Include="GameState.h" />
    <ClInclude Include="GameStateManager.h" />
    <ClInclude Include="IntroState.h" />
    <ClInclude Include="LoadTGA.h" />
    <ClInclude Include="PlayState.h" />
    <ClInclude Include="ResultState.h" />
    <ClInclude Include="SettingState.h" />
    <ClInclude Include="TextureImage.h" />
    <ClInclude Include="Tile.h" />
    <ClInclude Include="vector3D.h" />
    <ClInclude Include="Citizen.h">
      <Filter>Citizen</Filter>
    </ClInclude>
  </ItemGroup>
  <ItemGroup>
    <Filter Include="Citizen">
      <UniqueIdentifier>{1c1ab943-2ede-4d3e-af45-8deda7274bcd}</UniqueIdentifier>
    </Filter>
  </ItemGroup>
</Project>